# THIS IS AN AUTOGENERATED FILE. DO NOT EDIT THIS FILE DIRECTLY.
# yarn lockfile v1


app-info-parser@^0.3.10:
  version "0.3.10"
  resolved "https://registry.yarnpkg.com/app-info-parser/-/app-info-parser-0.3.10.tgz#09626be34082f3e4718ad54f52e7b45eca3ee7dc"
  integrity sha512-Lq8PPlOIqf9qN1acOTnNj1F2/vAtyu4Aeivyr4eTp9sAae+gLZuhpJ4lwiVeEI+wRtwcU2KcxaJZBN6gMGJXWg==
  dependencies:
    bplist-parser "^0.2.0"
    bytebuffer "^5.0.1"
    cgbi-to-png "^1.0.7"
    isomorphic-unzip "^1.1.5"
    plist "^3.0.1"

base64-js@^1.0.2, base64-js@^1.2.3:
  version "1.3.1"
  resolved "https://registry.yarnpkg.com/base64-js/-/base64-js-1.3.1.tgz#58ece8cb75dd07e71ed08c736abc5fac4dbf8df1"
  integrity sha512-mLQ4i2QO1ytvGWFWmcngKO//JXAQueZvwEKtjgQFM4jIK0kU+ytMfplL8j+n5mspOfjHwoAg+9yhb7BwAHm36g==

big-integer@^1.6.44:
  version "1.6.48"
  resolved "https://registry.yarnpkg.com/big-integer/-/big-integer-1.6.48.tgz#8fd88bd1632cba4a1c8c3e3d7159f08bb95b4b9e"
  integrity sha512-j51egjPa7/i+RdiRuJbPdJ2FIUYYPhvYLjzoYbcMMm62ooO6F94fETG4MTs46zPAF9Brs04OajboA/qTGuz78w==

bplist-parser@^0.2.0:
  version "0.2.0"
  resolved "https://registry.yarnpkg.com/bplist-parser/-/bplist-parser-0.2.0.tgz#43a9d183e5bf9d545200ceac3e712f79ebbe8d0e"
  integrity sha512-z0M+byMThzQmD9NILRniCUXYsYpjwnlO8N5uCFaCqIOpqRsJCrQL9NK3JsD67CN5a08nF5oIL2bD6loTdHOuKw==
  dependencies:
    big-integer "^1.6.44"

buffer-crc32@~0.2.3:
  version "0.2.13"
  resolved "https://registry.yarnpkg.com/buffer-crc32/-/buffer-crc32-0.2.13.tgz#0d333e3f00eac50aa1454abd30ef8c2a5d9a7242"
  integrity sha1-DTM+PwDqxQqhRUq9MO+MKl2ackI=

buffer-from@^1.0.0:
  version "1.1.1"
  resolved "https://registry.yarnpkg.com/buffer-from/-/buffer-from-1.1.1.tgz#32713bc028f75c02fdb710d7c7bcec1f2c6070ef"
  integrity sha512-MQcXEUbCKtEo7bhqEs6560Hyd4XaovZlO/k9V3hjVUF/zwW7KBVdSK4gIt/bzwS9MbR5qob+F5jusZsb0YQK2A==

buffer@^5.0.7, buffer@^5.1.0:
  version "5.6.0"
  resolved "https://registry.yarnpkg.com/buffer/-/buffer-5.6.0.tgz#a31749dc7d81d84db08abf937b6b8c4033f62786"
  integrity sha512-/gDYp/UtU0eA1ys8bOs9J6a+E/KWIY+DZ+Q2WESNUA0jFRsJOc0SNUO6xJ5SGA1xueg3NL65W6s+NY5l9cunuw==
  dependencies:
    base64-js "^1.0.2"
    ieee754 "^1.1.4"

bufferpack@0.0.6:
  version "0.0.6"
  resolved "https://registry.yarnpkg.com/bufferpack/-/bufferpack-0.0.6.tgz#fb3d8738a0e1e4e03bcff99f9a75f9ec18a9d73e"
  integrity sha1-+z2HOKDh5OA7z/mfmnX57Bip1z4=

bytebuffer@^5.0.1:
  version "5.0.1"
  resolved "https://registry.yarnpkg.com/bytebuffer/-/bytebuffer-5.0.1.tgz#582eea4b1a873b6d020a48d58df85f0bba6cfddd"
  integrity sha1-WC7qSxqHO20CCkjVjfhfC7ps/d0=
  dependencies:
    long "~3"

cgbi-to-png@^1.0.7:
  version "1.0.7"
  resolved "https://registry.yarnpkg.com/cgbi-to-png/-/cgbi-to-png-1.0.7.tgz#c7497580f76f87c2f5d825748a9d902b4072c004"
  integrity sha512-YR80kxTPuq9oRpZUdQmNEQWrmTKLINk1cfLVfyrV7Rfr9KLtLJdcockPKbreIr4JYAq+DhHBR7w+WA/tF5VDaQ==
  dependencies:
    bufferpack "0.0.6"
    crc "^3.3.0"
    stream-to-buffer "^0.1.0"
    streamifier "^0.1.1"

collect-stream@^1.2.1:
  version "1.2.1"
  resolved "https://registry.yarnpkg.com/collect-stream/-/collect-stream-1.2.1.tgz#829b41746431b1e27e01e6cd3d0ac163c22a1ca7"
  integrity sha1-gptBdGQxseJ+AebNPQrBY8IqHKc=
  dependencies:
    concat-stream "^1.2.0"
    once "^1.3.0"

concat-stream@^1.2.0:
  version "1.6.2"
  resolved "https://registry.yarnpkg.com/concat-stream/-/concat-stream-1.6.2.tgz#904bdf194cd3122fc675c77fc4ac3d4ff0fd1a34"
  integrity sha512-27HBghJxjiZtIk3Ycvn/4kbJk/1uZuJFfuPEns6LaEvpvG1f0hTea8lilrouyo9mVc2GWdcEZ8OLoGmSADlrCw==
  dependencies:
    buffer-from "^1.0.0"
    inherits "^2.0.3"
    readable-stream "^2.2.2"
    typedarray "^0.0.6"

core-util-is@~1.0.0:
  version "1.0.2"
  resolved "https://registry.yarnpkg.com/core-util-is/-/core-util-is-1.0.2.tgz#b5fd54220aa2bc5ab57aab7140c940754503c1a7"
  integrity sha1-tf1UIgqivFq1eqtxQMlAdUUDwac=

crc@^3.3.0:
  version "3.8.0"
  resolved "https://registry.yarnpkg.com/crc/-/crc-3.8.0.tgz#ad60269c2c856f8c299e2c4cc0de4556914056c6"
  integrity sha512-iX3mfgcTMIq3ZKLIsVFAbv7+Mc10kxabAGQb8HvjA1o3T1PIYprbakQ65d3I+2HGHt6nSKkM9PYjgoJO2KcFBQ==
  dependencies:
    buffer "^5.1.0"

fd-slicer@~1.1.0:
  version "1.1.0"
  resolved "https://registry.yarnpkg.com/fd-slicer/-/fd-slicer-1.1.0.tgz#25c7c89cb1f9077f8891bbe61d8f390eae256f1e"
  integrity sha1-JcfInLH5B3+IkbvmHY85Dq4lbx4=
  dependencies:
    pend "~1.2.0"

ieee754@^1.1.4:
  version "1.1.13"
  resolved "https://registry.yarnpkg.com/ieee754/-/ieee754-1.1.13.tgz#ec168558e95aa181fd87d37f55c32bbcb6708b84"
  integrity sha512-4vf7I2LYV/HaWerSo3XmlMkp5eZ83i+/CDluXi/IGTs/O1sejBNhTtnxzmRZfvOUqj7lZjqHkeTvpgSFDlWZTg==

inherits@^2.0.3, inherits@~2.0.3:
  version "2.0.4"
  resolved "https://registry.yarnpkg.com/inherits/-/inherits-2.0.4.tgz#0fa2c64f932917c3433a0ded55363aae37416b7c"
  integrity sha512-k/vGaX4/Yla3WzyMCvTQOXYeIHvqOKtnqBduzTHpzpQZzAskKMhZ2K+EnBiSM9zGSoIFeMpXKxa4dYeZIQqewQ==

isarray@~1.0.0:
  version "1.0.0"
  resolved "https://registry.yarnpkg.com/isarray/-/isarray-1.0.0.tgz#bb935d48582cba168c06834957a54a3e07124f11"
  integrity sha1-u5NdSFgsuhaMBoNJV6VKPgcSTxE=

isomorphic-unzip@^1.1.5:
  version "1.1.5"
  resolved "https://registry.yarnpkg.com/isomorphic-unzip/-/isomorphic-unzip-1.1.5.tgz#9e5a18e77e3e760b631ee451f643c784b4f880dd"
  integrity sha512-2McA51lWhmO3Kk438jxVcYeh6L+AOqVnl9XdX1yI7GlLA9RwEyTBgGem1rNuRIU2abAmOiv+IagThdUxASY4IA==
  dependencies:
    buffer "^5.0.7"
    yauzl "^2.8.0"

long@~3:
  version "3.2.0"
  resolved "https://registry.yarnpkg.com/long/-/long-3.2.0.tgz#d821b7138ca1cb581c172990ef14db200b5c474b"
  integrity sha1-2CG3E4yhy1gcFymQ7xTbIAtcR0s=

once@^1.3.0:
  version "1.4.0"
  resolved "https://registry.yarnpkg.com/once/-/once-1.4.0.tgz#583b1aa775961d4b113ac17d9c50baef9dd76bd1"
  integrity sha1-WDsap3WWHUsROsF9nFC6753Xa9E=
  dependencies:
    wrappy "1"

"package@>= 1.0.0 < 1.2.0":
  version "1.0.1"
  resolved "https://registry.yarnpkg.com/package/-/package-1.0.1.tgz#d25a1f99e2506dcb27d6704b83dca8a312e4edcc"
  integrity sha1-0lofmeJQbcsn1nBLg9yooxLk7cw=

pend@~1.2.0:
  version "1.2.0"
  resolved "https://registry.yarnpkg.com/pend/-/pend-1.2.0.tgz#7a57eb550a6783f9115331fcf4663d5c8e007a50"
  integrity sha1-elfrVQpng/kRUzH89GY9XI4AelA=

plist@^3.0.1:
  version "3.0.1"
  resolved "https://registry.yarnpkg.com/plist/-/plist-3.0.1.tgz#a9b931d17c304e8912ef0ba3bdd6182baf2e1f8c"
  integrity sha512-GpgvHHocGRyQm74b6FWEZZVRroHKE1I0/BTjAmySaohK+cUn+hZpbqXkc3KWgW3gQYkqcQej35FohcT0FRlkRQ==
  dependencies:
    base64-js "^1.2.3"
    xmlbuilder "^9.0.7"
    xmldom "0.1.x"

process-nextick-args@~2.0.0:
  version "2.0.1"
  resolved "https://registry.yarnpkg.com/process-nextick-args/-/process-nextick-args-2.0.1.tgz#7820d9b16120cc55ca9ae7792680ae7dba6d7fe2"
  integrity sha512-3ouUOpQhtgrbOa17J7+uxOTpITYWaGP7/AhoR3+A+/1e9skrzelGi/dXzEYyvbxubEF6Wn2ypscTKiKJFFn1ag==

readable-stream@^2.2.2:
  version "2.3.7"
  resolved "https://registry.yarnpkg.com/readable-stream/-/readable-stream-2.3.7.tgz#1eca1cf711aef814c04f62252a36a62f6cb23b57"
  integrity sha512-Ebho8K4jIbHAxnuxi7o42OrZgF/ZTNcsZj6nRKyUmkhLFq8CHItp/fy6hQZuZmP/n3yZ9VBUbp4zz/mX8hmYPw==
  dependencies:
    core-util-is "~1.0.0"
    inherits "~2.0.3"
    isarray "~1.0.0"
    process-nextick-args "~2.0.0"
    safe-buffer "~5.1.1"
    string_decoder "~1.1.1"
    util-deprecate "~1.0.1"

safe-buffer@~5.1.0, safe-buffer@~5.1.1:
  version "5.1.2"
  resolved "https://registry.yarnpkg.com/safe-buffer/-/safe-buffer-5.1.2.tgz#991ec69d296e0313747d59bdfd2b745c35f8828d"
  integrity sha512-Gd2UZBJDkXlY7GbJxfsE8/nvKkUEU1G38c1siN6QP6a9PT9MmHB8GnpscSmMJSoF8LOIrt8ud/wPtojys4G6+g==

stream-to-buffer@^0.1.0:
  version "0.1.0"
  resolved "https://registry.yarnpkg.com/stream-to-buffer/-/stream-to-buffer-0.1.0.tgz#26799d903ab2025c9bd550ac47171b00f8dd80a9"
  integrity sha1-JnmdkDqyAlyb1VCsRxcbAPjdgKk=
  dependencies:
    stream-to "~0.2.0"

stream-to@~0.2.0:
  version "0.2.2"
  resolved "https://registry.yarnpkg.com/stream-to/-/stream-to-0.2.2.tgz#84306098d85fdb990b9fa300b1b3ccf55e8ef01d"
  integrity sha1-hDBgmNhf25kLn6MAsbPM9V6O8B0=

streamifier@^0.1.1:
  version "0.1.1"
  resolved "https://registry.yarnpkg.com/streamifier/-/streamifier-0.1.1.tgz#97e98d8fa4d105d62a2691d1dc07e820db8dfc4f"
  integrity sha1-l+mNj6TRBdYqJpHR3AfoINuN/E8=

string_decoder@~1.1.1:
  version "1.1.1"
  resolved "https://registry.yarnpkg.com/string_decoder/-/string_decoder-1.1.1.tgz#9cf1611ba62685d7030ae9e4ba34149c3af03fc8"
  integrity sha512-n/ShnvDi6FHbbVfviro+WojiFzv+s8MPMHBczVePfUpDJLwoLT0ht1l4YwBCbi8pJAveEEdnkHyPyTP/mzRfwg==
  dependencies:
    safe-buffer "~5.1.0"

temporary@^0.0.8:
  version "0.0.8"
  resolved "https://registry.yarnpkg.com/temporary/-/temporary-0.0.8.tgz#a18a981d28ba8ca36027fb3c30538c3ecb740ac0"
  integrity sha1-oYqYHSi6jKNgJ/s8MFOMPst0CsA=
  dependencies:
    package ">= 1.0.0 < 1.2.0"

typedarray@^0.0.6:
  version "0.0.6"
  resolved "https://registry.yarnpkg.com/typedarray/-/typedarray-0.0.6.tgz#867ac74e3864187b1d3d47d996a78ec5c8830777"
  integrity sha1-hnrHTjhkGHsdPUfZlqeOxciDB3c=

underscore@^1.8.3:
  version "1.10.2"
  resolved "https://registry.yarnpkg.com/underscore/-/underscore-1.10.2.tgz#73d6aa3668f3188e4adb0f1943bd12cfd7efaaaf"
  integrity sha512-N4P+Q/BuyuEKFJ43B9gYuOj4TQUHXX+j2FqguVOpjkssLUUrnJofCcBccJSCoeturDoZU6GorDTHSvUDlSQbTg==

util-deprecate@~1.0.1:
  version "1.0.2"
  resolved "https://registry.yarnpkg.com/util-deprecate/-/util-deprecate-1.0.2.tgz#450d4dc9fa70de732762fbd2d4a28981419a0ccf"
  integrity sha1-RQ1Nyfpw3nMnYvvS1KKJgUGaDM8=

wrappy@1:
  version "1.0.2"
  resolved "https://registry.yarnpkg.com/wrappy/-/wrappy-1.0.2.tgz#b5243d8f3ec1aa35f1364605bc0d1036e30ab69f"
  integrity sha1-tSQ9jz7BqjXxNkYFvA0QNuMKtp8=

xmlbuilder@^9.0.7:
  version "9.0.7"
  resolved "https://registry.yarnpkg.com/xmlbuilder/-/xmlbuilder-9.0.7.tgz#132ee63d2ec5565c557e20f4c22df9aca686b10d"
  integrity sha1-Ey7mPS7FVlxVfiD0wi35rKaGsQ0=

xmldom@0.1.x:
  version "0.1.31"
  resolved "https://registry.yarnpkg.com/xmldom/-/xmldom-0.1.31.tgz#b76c9a1bd9f0a9737e5a72dc37231cf38375e2ff"
  integrity sha512-yS2uJflVQs6n+CyjHoaBmVSqIDevTAWrzMmjG1Gc7h1qQ7uVozNhEPJAwZXWyGQ/Gafo3fCwrcaokezLPupVyQ==

yauzl@^2.7.0, yauzl@^2.8.0:
  version "2.10.0"
  resolved "https://registry.yarnpkg.com/yauzl/-/yauzl-2.10.0.tgz#c7eb17c93e112cb1086fa6d8e51fb0667b79a5f9"
  integrity sha1-x+sXyT4RLLEIb6bY5R+wZnt5pfk=
  dependencies:
    buffer-crc32 "~0.2.3"
    fd-slicer "~1.1.0"
